
Microsoft Visual Studio Solution File, Format Version 12.00
Project("{8BC9CEB8-8B4A-11D0-8D11-00A0C91BC942}") = "Q456", "Q456\Q456.vcxproj", "{17B33BE5-94C4-4140-92C3-C125812B7F97}"
EndProject
Project("{8BC9CEB8-8B4A-11D0-8D11-00A0C91BC942}") = "Q82", "Q82\Q82.vcxproj", "{EBC3262D-CF85-4BD1-B47B-3600871DA2AD}"
EndProject
Project("{8BC9CEB8-8B4A-11D0-8D11-00A0C91BC942}") = "Q10", "Q10\Q10.vcxproj", "{4AC07A1D-DE52-4AC2-A3C3-25EE713986F1}"
EndProject
Project("{8BC9CEB8-8B4A-11D0-8D11-00A0C91BC942}") = "Q15", "Q15\Q15.vcxproj", "{A3F2111D-AEFD-4339-BA2F-BED36C60E26F}"
EndProject
Global
	GlobalSection(SolutionConfigurationPlatforms) = preSolution
		Debug|Any CPU = Debug|Any CPU
		Release|Any CPU = Release|Any CPU
	EndGlobalSection
	GlobalSection(ProjectConfigurationPlatforms) = postSolution
		{17B33BE5-94C4-4140-92C3-C125812B7F97}.Debug|Any CPU.ActiveCfg = Debug|Win32
		{17B33BE5-94C4-4140-92C3-C125812B7F97}.Debug|Any CPU.Build.0 = Debug|Win32
		{17B33BE5-94C4-4140-92C3-C125812B7F97}.Release|Any CPU.ActiveCfg = Release|Win32
		{17B33BE5-94C4-4140-92C3-C125812B7F97}.Release|Any CPU.Build.0 = Release|Win32
		{EBC3262D-CF85-4BD1-B47B-3600871DA2AD}.Debug|Any CPU.ActiveCfg = Debug|Win32
		{EBC3262D-CF85-4BD1-B47B-3600871DA2AD}.Debug|Any CPU.Build.0 = Debug|Win32
		{EBC3262D-CF85-4BD1-B47B-3600871DA2AD}.Release|Any CPU.ActiveCfg = Release|Win32
		{EBC3262D-CF85-4BD1-B47B-3600871DA2AD}.Release|Any CPU.Build.0 = Release|Win32
		{4AC07A1D-DE52-4AC2-A3C3-25EE713986F1}.Debug|Any CPU.ActiveCfg = Debug|Win32
		{4AC07A1D-DE52-4AC2-A3C3-25EE713986F1}.Debug|Any CPU.Build.0 = Debug|Win32
		{4AC07A1D-DE52-4AC2-A3C3-25EE713986F1}.Release|Any CPU.ActiveCfg = Release|Win32
		{4AC07A1D-DE52-4AC2-A3C3-25EE713986F1}.Release|Any CPU.Build.0 = Release|Win32
		{A3F2111D-AEFD-4339-BA2F-BED36C60E26F}.Debug|Any CPU.ActiveCfg = Debug|Win32
		{A3F2111D-AEFD-4339-BA2F-BED36C60E26F}.Debug|Any CPU.Build.0 = Debug|Win32
		{A3F2111D-AEFD-4339-BA2F-BED36C60E26F}.Release|Any CPU.ActiveCfg = Release|Win32
		{A3F2111D-AEFD-4339-BA2F-BED36C60E26F}.Release|Any CPU.Build.0 = Release|Win32
	EndGlobalSection
EndGlobal
